
Microsoft Visual Studio Solution File, Format Version 12.00
# Visual Studio Version 17
VisualStudioVersion = 17.0.32112.339
MinimumVisualStudioVersion = 10.0.40219.1
Project("{FAE04EC0-301F-11D3-BF4B-00C04F79EFBC}") = "ChatTest", "ChatTest\ChatTest.csproj", "{46355900-636F-481A-99AC-7E3391086894}"
EndProject
Global
	GlobalSection(SolutionConfigurationPlatforms) = preSolution
		Debug|Any CPU = Debug|Any CPU
		Release|Any CPU = Release|Any CPU
	EndGlobalSection
	GlobalSection(ProjectConfigurationPlatforms) = postSolution
		{46355900-636F-481A-99AC-7E3391086894}.Debug|Any CPU.ActiveCfg = Debug|Any CPU
		{46355900-636F-481A-99AC-7E3391086894}.Debug|Any CPU.Build.0 = Debug|Any CPU
		{46355900-636F-481A-99AC-7E3391086894}.Release|Any CPU.ActiveCfg = Release|Any CPU
		{46355900-636F-481A-99AC-7E3391086894}.Release|Any CPU.Build.0 = Release|Any CPU
	EndGlobalSection
	GlobalSection(SolutionProperties) = preSolution
		HideSolutionNode = FALSE
	EndGlobalSection
	GlobalSection(ExtensibilityGlobals) = postSolution
		SolutionGuid = {55F7FF66-7ABC-47FA-929C-5E79C6A1C7A2}
	EndGlobalSection
EndGlobal
